{
  "pins" : [
    {
      "identity" : "aboutappviewcontroller",
      "kind" : "remoteSourceControl",
      "location" : "https://github.com/swiftonica/AboutAppViewController",
      "state" : {
        "branch" : "master",
        "revision" : "02b9793ce400a286380740312665b6b116013521"
      }
    },
    {
      "identity" : "eureka",
      "kind" : "remoteSourceControl",
      "location" : "https://github.com/xmartlabs/Eureka",
      "state" : {
        "branch" : "master",
        "revision" : "ba4ebbcc4e368e901de666870fc2a4524474a4c7"
      }
    },
    {
      "identity" : "moduleassembler",
      "kind" : "remoteSourceControl",
      "location" : "https://github.com/swiftonica/ModuleAssembler",
      "state" : {
        "branch" : "master",
        "revision" : "9f2bd8071f2f8496acfa51f70c917cb13a47cac6"
      }
    },
    {
      "identity" : "nativesettingsviewcontroller",
      "kind" : "remoteSourceControl",
      "location" : "https://github.com/swiftonica/NativeSettingsViewController",
      "state" : {
        "branch" : "master",
        "revision" : "172a9944c23b640e45dfd7ae036057684b5c78b9"
      }
    },
    {
      "identity" : "navigationlayer",
      "kind" : "remoteSourceControl",
      "location" : "https://github.com/swiftonica/NavigationLayer",
      "state" : {
        "branch" : "master",
        "revision" : "86eca394e185e976c2a427976637386412c46e22"
      }
    },
    {
      "identity" : "projectq-components2",
      "kind" : "remoteSourceControl",
      "location" : "https://github.com/swiftonica/ProjectQ-Components2",
      "state" : {
        "branch" : "master",
        "revision" : "783ba88b517094f268048668f6aad93d77702d1e"
      }
    },
    {
      "identity" : "snapkit",
      "kind" : "remoteSourceControl",
      "location" : "https://github.com/SnapKit/SnapKit",
      "state" : {
        "revision" : "f222cbdf325885926566172f6f5f06af95473158",
        "version" : "5.6.0"
      }
    },
    {
      "identity" : "spalert",
      "kind" : "remoteSourceControl",
      "location" : "https://github.com/ivanvorobei/SPAlert",
      "state" : {
        "branch" : "main",
        "revision" : "979a716b640b9e277b28f15f99ed35733694c844"
      }
    },
    {
      "identity" : "spsettingsicons",
      "kind" : "remoteSourceControl",
      "location" : "https://github.com/sparrowcode/SPSettingsIcons",
      "state" : {
        "revision" : "1a2bd5439aabba3474408fbca86eaad344c3fce9",
        "version" : "1.0.1"
      }
    }
  ],
  "version" : 2
}
